
Microsoft Visual Studio Solution File, Format Version 12.00
# Visual Studio Version 16
VisualStudioVersion = 16.0.32413.511
MinimumVisualStudioVersion = 10.0.40219.1
Project("{8BC9CEB8-8B4A-11D0-8D11-00A0C91BC942}") = "DecaturComm", "DecaturComm\DecaturComm.vcxproj", "{0F9CDC96-6304-4884-BA05-C3563A312819}"
EndProject
Project("{FAE04EC0-301F-11D3-BF4B-00C04F79EFBC}") = "DecaturTest", "DecaturTest\DecaturTest.csproj", "{4B73CC9D-9676-4523-8FC2-0304D73BB245}"
EndProject
Project("{FAE04EC0-301F-11D3-BF4B-00C04F79EFBC}") = "Decatur", "Decatur\Decatur.csproj", "{374D8BEF-747B-4802-B141-E3C7DB0780F3}"
EndProject
Project("{FAE04EC0-301F-11D3-BF4B-00C04F79EFBC}") = "DuetTestCmdline", "DuetTestCmdline\DuetTestCmdline.csproj", "{516F2620-1244-497E-A10A-69E92078126E}"
EndProject
Global
	GlobalSection(SolutionConfigurationPlatforms) = preSolution
		Debug|Any CPU = Debug|Any CPU
		Debug|Mixed Platforms = Debug|Mixed Platforms
		Debug|Win32 = Debug|Win32
		Debug|x64 = Debug|x64
		Release|Any CPU = Release|Any CPU
		Release|Mixed Platforms = Release|Mixed Platforms
		Release|Win32 = Release|Win32
		Release|x64 = Release|x64
	EndGlobalSection
	GlobalSection(ProjectConfigurationPlatforms) = postSolution
		{0F9CDC96-6304-4884-BA05-C3563A312819}.Debug|Any CPU.ActiveCfg = Debug|Win32
		{0F9CDC96-6304-4884-BA05-C3563A312819}.Debug|Mixed Platforms.ActiveCfg = Debug|x64
		{0F9CDC96-6304-4884-BA05-C3563A312819}.Debug|Mixed Platforms.Build.0 = Debug|x64
		{0F9CDC96-6304-4884-BA05-C3563A312819}.Debug|Win32.ActiveCfg = Debug|Win32
		{0F9CDC96-6304-4884-BA05-C3563A312819}.Debug|Win32.Build.0 = Debug|Win32
		{0F9CDC96-6304-4884-BA05-C3563A312819}.Debug|x64.ActiveCfg = Debug|x64
		{0F9CDC96-6304-4884-BA05-C3563A312819}.Debug|x64.Build.0 = Debug|x64
		{0F9CDC96-6304-4884-BA05-C3563A312819}.Release|Any CPU.ActiveCfg = Release|Win32
		{0F9CDC96-6304-4884-BA05-C3563A312819}.Release|Mixed Platforms.ActiveCfg = Release|Win32
		{0F9CDC96-6304-4884-BA05-C3563A312819}.Release|Mixed Platforms.Build.0 = Release|Win32
		{0F9CDC96-6304-4884-BA05-C3563A312819}.Release|Win32.ActiveCfg = Release|Win32
		{0F9CDC96-6304-4884-BA05-C3563A312819}.Release|Win32.Build.0 = Release|Win32
		{0F9CDC96-6304-4884-BA05-C3563A312819}.Release|x64.ActiveCfg = Release|x64
		{0F9CDC96-6304-4884-BA05-C3563A312819}.Release|x64.Build.0 = Release|x64
		{4B73CC9D-9676-4523-8FC2-0304D73BB245}.Debug|Any CPU.ActiveCfg = Debug|Any CPU
		{4B73CC9D-9676-4523-8FC2-0304D73BB245}.Debug|Any CPU.Build.0 = Debug|Any CPU
		{4B73CC9D-9676-4523-8FC2-0304D73BB245}.Debug|Mixed Platforms.ActiveCfg = Debug|Any CPU
		{4B73CC9D-9676-4523-8FC2-0304D73BB245}.Debug|Mixed Platforms.Build.0 = Debug|Any CPU
		{4B73CC9D-9676-4523-8FC2-0304D73BB245}.Debug|Win32.ActiveCfg = Debug|Any CPU
		{4B73CC9D-9676-4523-8FC2-0304D73BB245}.Debug|Win32.Build.0 = Debug|Any CPU
		{4B73CC9D-9676-4523-8FC2-0304D73BB245}.Debug|x64.ActiveCfg = Debug|Any CPU
		{4B73CC9D-9676-4523-8FC2-0304D73BB245}.Debug|x64.Build.0 = Debug|Any CPU
		{4B73CC9D-9676-4523-8FC2-0304D73BB245}.Release|Any CPU.ActiveCfg = Release|Any CPU
		{4B73CC9D-9676-4523-8FC2-0304D73BB245}.Release|Any CPU.Build.0 = Release|Any CPU
		{4B73CC9D-9676-4523-8FC2-0304D73BB245}.Release|Mixed Platforms.ActiveCfg = Release|Any CPU
		{4B73CC9D-9676-4523-8FC2-0304D73BB245}.Release|Mixed Platforms.Build.0 = Release|Any CPU
		{4B73CC9D-9676-4523-8FC2-0304D73BB245}.Release|Win32.ActiveCfg = Release|Any CPU
		{4B73CC9D-9676-4523-8FC2-0304D73BB245}.Release|Win32.Build.0 = Release|Any CPU
		{4B73CC9D-9676-4523-8FC2-0304D73BB245}.Release|x64.ActiveCfg = Release|Any CPU
		{4B73CC9D-9676-4523-8FC2-0304D73BB245}.Release|x64.Build.0 = Release|Any CPU
		{374D8BEF-747B-4802-B141-E3C7DB0780F3}.Debug|Any CPU.ActiveCfg = Debug|Any CPU
		{374D8BEF-747B-4802-B141-E3C7DB0780F3}.Debug|Any CPU.Build.0 = Debug|Any CPU
		{374D8BEF-747B-4802-B141-E3C7DB0780F3}.Debug|Mixed Platforms.ActiveCfg = Debug|Any CPU
		{374D8BEF-747B-4802-B141-E3C7DB0780F3}.Debug|Mixed Platforms.Build.0 = Debug|Any CPU
		{374D8BEF-747B-4802-B141-E3C7DB0780F3}.Debug|Win32.ActiveCfg = Debug|Any CPU
		{374D8BEF-747B-4802-B141-E3C7DB0780F3}.Debug|Win32.Build.0 = Debug|Any CPU
		{374D8BEF-747B-4802-B141-E3C7DB0780F3}.Debug|x64.ActiveCfg = Debug|Any CPU
		{374D8BEF-747B-4802-B141-E3C7DB0780F3}.Debug|x64.Build.0 = Debug|Any CPU
		{374D8BEF-747B-4802-B141-E3C7DB0780F3}.Release|Any CPU.ActiveCfg = Release|Any CPU
		{374D8BEF-747B-4802-B141-E3C7DB0780F3}.Release|Any CPU.Build.0 = Release|Any CPU
		{374D8BEF-747B-4802-B141-E3C7DB0780F3}.Release|Mixed Platforms.ActiveCfg = Release|Any CPU
		{374D8BEF-747B-4802-B141-E3C7DB0780F3}.Release|Mixed Platforms.Build.0 = Release|Any CPU
		{374D8BEF-747B-4802-B141-E3C7DB0780F3}.Release|Win32.ActiveCfg = Release|Any CPU
		{374D8BEF-747B-4802-B141-E3C7DB0780F3}.Release|Win32.Build.0 = Release|Any CPU
		{374D8BEF-747B-4802-B141-E3C7DB0780F3}.Release|x64.ActiveCfg = Release|Any CPU
		{374D8BEF-747B-4802-B141-E3C7DB0780F3}.Release|x64.Build.0 = Release|Any CPU
		{516F2620-1244-497E-A10A-69E92078126E}.Debug|Any CPU.ActiveCfg = Debug|Any CPU
		{516F2620-1244-497E-A10A-69E92078126E}.Debug|Any CPU.Build.0 = Debug|Any CPU
		{516F2620-1244-497E-A10A-69E92078126E}.Debug|Mixed Platforms.ActiveCfg = Debug|Any CPU
		{516F2620-1244-497E-A10A-69E92078126E}.Debug|Mixed Platforms.Build.0 = Debug|Any CPU
		{516F2620-1244-497E-A10A-69E92078126E}.Debug|Win32.ActiveCfg = Debug|Any CPU
		{516F2620-1244-497E-A10A-69E92078126E}.Debug|Win32.Build.0 = Debug|Any CPU
		{516F2620-1244-497E-A10A-69E92078126E}.Debug|x64.ActiveCfg = Debug|Any CPU
		{516F2620-1244-497E-A10A-69E92078126E}.Debug|x64.Build.0 = Debug|Any CPU
		{516F2620-1244-497E-A10A-69E92078126E}.Release|Any CPU.ActiveCfg = Release|Any CPU
		{516F2620-1244-497E-A10A-69E92078126E}.Release|Any CPU.Build.0 = Release|Any CPU
		{516F2620-1244-497E-A10A-69E92078126E}.Release|Mixed Platforms.ActiveCfg = Release|Any CPU
		{516F2620-1244-497E-A10A-69E92078126E}.Release|Mixed Platforms.Build.0 = Release|Any CPU
		{516F2620-1244-497E-A10A-69E92078126E}.Release|Win32.ActiveCfg = Release|Any CPU
		{516F2620-1244-497E-A10A-69E92078126E}.Release|Win32.Build.0 = Release|Any CPU
		{516F2620-1244-497E-A10A-69E92078126E}.Release|x64.ActiveCfg = Release|Any CPU
		{516F2620-1244-497E-A10A-69E92078126E}.Release|x64.Build.0 = Release|Any CPU
	EndGlobalSection
	GlobalSection(SolutionProperties) = preSolution
		HideSolutionNode = FALSE
	EndGlobalSection
	GlobalSection(ExtensibilityGlobals) = postSolution
		SolutionGuid = {CDCC6041-371E-483F-BBAE-E7BC94EC90EE}
	EndGlobalSection
EndGlobal
